
Microsoft Visual Studio Solution File, Format Version 12.00
# Visual Studio Version 17
VisualStudioVersion = 17.5.002.0
MinimumVisualStudioVersion = 10.0.40219.1
Project("{9A19103F-16F7-4668-BE54-9A1E7A4F7556}") = "Basics.Takrorlash bo’limi uchun 1-amaliy vazifa", "Basics.Takrorlash bo’limi uchun 1-amaliy vazifa.csproj", "{659CFDD1-28DB-4C41-A22D-09C45498C892}"
EndProject
Global
	GlobalSection(SolutionConfigurationPlatforms) = preSolution
		Debug|Any CPU = Debug|Any CPU
		Release|Any CPU = Release|Any CPU
	EndGlobalSection
	GlobalSection(ProjectConfigurationPlatforms) = postSolution
		{659CFDD1-28DB-4C41-A22D-09C45498C892}.Debug|Any CPU.ActiveCfg = Debug|Any CPU
		{659CFDD1-28DB-4C41-A22D-09C45498C892}.Debug|Any CPU.Build.0 = Debug|Any CPU
		{659CFDD1-28DB-4C41-A22D-09C45498C892}.Release|Any CPU.ActiveCfg = Release|Any CPU
		{659CFDD1-28DB-4C41-A22D-09C45498C892}.Release|Any CPU.Build.0 = Release|Any CPU
	EndGlobalSection
	GlobalSection(SolutionProperties) = preSolution
		HideSolutionNode = FALSE
	EndGlobalSection
	GlobalSection(ExtensibilityGlobals) = postSolution
		SolutionGuid = {16905501-DD6C-4A80-8FC9-6823E192A269}
	EndGlobalSection
EndGlobal
